{
  "name": "verify_httpsig",
  "version": "1.0.0",
  "lockfileVersion": 3,
  "requires": true,
  "packages": {
    "": {
      "name": "verify_httpsig",
      "version": "1.0.0",
      "license": "ISC",
      "dependencies": {
        "http-message-signatures": "^1.0.4",
        "node-rsa": "^1.1.1"
      }
    },
    "node_modules/asn1": {
      "version": "0.2.6",
      "resolved": "https://registry.npmjs.org/asn1/-/asn1-0.2.6.tgz",
      "integrity": "sha512-ix/FxPn0MDjeyJ7i/yoHGFt/EX6LyNbxSEhPPXODPL+KB0VPk86UYfL0lMdy+KCnv+fmvIzySwaK5COwqVbWTQ==",
      "license": "MIT",
      "dependencies": {
        "safer-buffer": "~2.1.0"
      }
    },
    "node_modules/http-message-signatures": {
      "version": "1.0.4",
      "resolved": "https://registry.npmjs.org/http-message-signatures/-/http-message-signatures-1.0.4.tgz",
      "integrity": "sha512-gavCQWnxHFg0BVlKs6CmYK7hNSH1o0x0mHTC68yBAHYOYuTVXPv52mEE7QuT5TenfiagTdOa/zPJzen4lEX7Rg==",
      "license": "ISC",
      "dependencies": {
        "structured-headers": "^1.0.1"
      }
    },
    "node_modules/node-rsa": {
      "version": "1.1.1",
      "resolved": "https://registry.npmjs.org/node-rsa/-/node-rsa-1.1.1.tgz",
      "integrity": "sha512-Jd4cvbJMryN21r5HgxQOpMEqv+ooke/korixNNK3mGqfGJmy0M77WDDzo/05969+OkMy3XW1UuZsSmW9KQm7Fw==",
      "license": "MIT",
      "dependencies": {
        "asn1": "^0.2.4"
      }
    },
    "node_modules/safer-buffer": {
      "version": "2.1.2",
      "resolved": "https://registry.npmjs.org/safer-buffer/-/safer-buffer-2.1.2.tgz",
      "integrity": "sha512-YZo3K82SD7Riyi0E1EQPojLz7kpepnSQI9IyPbHHg1XXXevb5dJI7tpyN2ADxGcQbHG7vcyRHk0cbwqcQriUtg==",
      "license": "MIT"
    },
    "node_modules/structured-headers": {
      "version": "1.0.1",
      "resolved": "https://registry.npmjs.org/structured-headers/-/structured-headers-1.0.1.tgz",
      "integrity": "sha512-QYBxdBtA4Tl5rFPuqmbmdrS9kbtren74RTJTcs0VSQNVV5iRhJD4QlYTLD0+81SBwUQctjEQzjTRI3WG4DzICA==",
      "license": "MIT",
      "engines": {
        "node": ">= 14",
        "npm": ">=6"
      }
    }
  }
}
